
Microsoft Visual Studio Solution File, Format Version 12.00
# Visual Studio Version 17
VisualStudioVersion = 17.13.35828.75 d17.13
MinimumVisualStudioVersion = 10.0.40219.1
Project("{54A90642-561A-4BB1-A94E-469ADEE60C69}") = "vueapp.client", "vueapp.client\vueapp.client.esproj", "{1C5B58AB-9683-B9B4-4B3D-69C79078CE52}"
EndProject
Project("{FAE04EC0-301F-11D3-BF4B-00C04F79EFBC}") = "VueApp.Server", "VueApp.Server\VueApp.Server.csproj", "{0EEACD7D-FE5D-44C8-8A22-65FFAB2D7FEA}"
EndProject
Global
	GlobalSection(SolutionConfigurationPlatforms) = preSolution
		Debug|Any CPU = Debug|Any CPU
		Release|Any CPU = Release|Any CPU
	EndGlobalSection
	GlobalSection(ProjectConfigurationPlatforms) = postSolution
		{1C5B58AB-9683-B9B4-4B3D-69C79078CE52}.Debug|Any CPU.ActiveCfg = Debug|Any CPU
		{1C5B58AB-9683-B9B4-4B3D-69C79078CE52}.Debug|Any CPU.Build.0 = Debug|Any CPU
		{1C5B58AB-9683-B9B4-4B3D-69C79078CE52}.Debug|Any CPU.Deploy.0 = Debug|Any CPU
		{1C5B58AB-9683-B9B4-4B3D-69C79078CE52}.Release|Any CPU.ActiveCfg = Release|Any CPU
		{1C5B58AB-9683-B9B4-4B3D-69C79078CE52}.Release|Any CPU.Build.0 = Release|Any CPU
		{1C5B58AB-9683-B9B4-4B3D-69C79078CE52}.Release|Any CPU.Deploy.0 = Release|Any CPU
		{0EEACD7D-FE5D-44C8-8A22-65FFAB2D7FEA}.Debug|Any CPU.ActiveCfg = Debug|Any CPU
		{0EEACD7D-FE5D-44C8-8A22-65FFAB2D7FEA}.Debug|Any CPU.Build.0 = Debug|Any CPU
		{0EEACD7D-FE5D-44C8-8A22-65FFAB2D7FEA}.Release|Any CPU.ActiveCfg = Release|Any CPU
		{0EEACD7D-FE5D-44C8-8A22-65FFAB2D7FEA}.Release|Any CPU.Build.0 = Release|Any CPU
	EndGlobalSection
	GlobalSection(SolutionProperties) = preSolution
		HideSolutionNode = FALSE
	EndGlobalSection
	GlobalSection(ExtensibilityGlobals) = postSolution
		SolutionGuid = {E9F1FC4F-DE9A-41E4-98BE-735318B35C33}
	EndGlobalSection
EndGlobal
